// !$*UTF8*$!
{
	archiveVersion = 1;
	classes = {
	};
	objectVersion = 77;
	objects = {

/* Begin PBXBuildFile section */
		0A4649E7AF5BC7DBB4128391 /* TextInputService.swift in Sources */ = {isa = PBXBuildFile; fileRef = 54ABBD1B3BE3567832A9B909 /* TextInputService.swift */; };
		13E87B86EB2125C8607849A6 /* VoiceInkApp.swift in Sources */ = {isa = PBXBuildFile; fileRef = 857DA45D1CEE06AC9D2E988C /* VoiceInkApp.swift */; };
		1B07BF2D61E2E3D352E40537 /* WAVEncoder.swift in Sources */ = {isa = PBXBuildFile; fileRef = 6D4B4AFAEE9047B95D079E83 /* WAVEncoder.swift */; };
		1D2BDFB50BBEF422000360FA /* DictationController.swift in Sources */ = {isa = PBXBuildFile; fileRef = 1171235E88270F7D7E0F9413 /* DictationController.swift */; };
		22D04781903718BFFA1B1431 /* RecordingOverlay.swift in Sources */ = {isa = PBXBuildFile; fileRef = D66DAFACA7D69C6476825D8F /* RecordingOverlay.swift */; };
		28AFF6CB58F409AC56260306 /* ResultModal.swift in Sources */ = {isa = PBXBuildFile; fileRef = 199EA699089EE027E432C012 /* ResultModal.swift */; };
		296588DB4DECE2C3FA0B4B51 /* TextInputServiceTests.swift in Sources */ = {isa = PBXBuildFile; fileRef = D71406ED2CF3673BD267A3C1 /* TextInputServiceTests.swift */; };
		2C0441FE1D4E9F6BF792B8C6 /* GeminiPipeline.swift in Sources */ = {isa = PBXBuildFile; fileRef = 8833D6FD4F9FC2C6BCDDEC22 /* GeminiPipeline.swift */; };
		3131BCD362E0B17FBEC95121 /* DictationMode.swift in Sources */ = {isa = PBXBuildFile; fileRef = 45E7788B4CAC51BCD9A74222 /* DictationMode.swift */; };
		409FBE01775B7BECC413CEC8 /* AppState.swift in Sources */ = {isa = PBXBuildFile; fileRef = 6C3205062FCDD540935B6B50 /* AppState.swift */; };
		4F934F1E18D4BC6F127642EE /* AccessibilityHelper.swift in Sources */ = {isa = PBXBuildFile; fileRef = AB73A76D8FCE7529776FD767 /* AccessibilityHelper.swift */; };
		4FD2018931792120D88E6414 /* TranscriptHistoryManager.swift in Sources */ = {isa = PBXBuildFile; fileRef = 690A980BC3373AA553EE065D /* TranscriptHistoryManager.swift */; };
		4FFA337AB13714A2C4DC3B7F /* SoundPlayer.swift in Sources */ = {isa = PBXBuildFile; fileRef = D32703C0106237D1010CEBC9 /* SoundPlayer.swift */; };
		5243AB0CB8DE9D3DA4B0212A /* SmokeTests.swift in Sources */ = {isa = PBXBuildFile; fileRef = 4BD38B68517183EED314C9FB /* SmokeTests.swift */; };
		566F1C9D678EC1563E1DCFAC /* GeminiPipelineTests.swift in Sources */ = {isa = PBXBuildFile; fileRef = 30C9AD9F7765C93B0EE6212E /* GeminiPipelineTests.swift */; };
		5986CF319154C41C24C9C190 /* GlassBackground.swift in Sources */ = {isa = PBXBuildFile; fileRef = 646CE6F78896CF74CCD77E25 /* GlassBackground.swift */; };
		5BCFE26AE9D79BCA7436B436 /* MockURLProtocol.swift in Sources */ = {isa = PBXBuildFile; fileRef = 8A3957570C3BDB137E3FAD10 /* MockURLProtocol.swift */; };
		735EF0A9B938AFC9E6EB2C74 /* PromptLibraryTests.swift in Sources */ = {isa = PBXBuildFile; fileRef = 7AEF9532F07A25E8CEFC21DB /* PromptLibraryTests.swift */; };
		85980678957B19974887C498 /* WAVEncoderTests.swift in Sources */ = {isa = PBXBuildFile; fileRef = AE141E9A7EE77E9E982C92D4 /* WAVEncoderTests.swift */; };
		A858E83262E7E33200409232 /* HotkeyManager.swift in Sources */ = {isa = PBXBuildFile; fileRef = 94B49896D59DADED2A207AE1 /* HotkeyManager.swift */; };
		AD64B091674E5AE58359460D /* STTStatus.swift in Sources */ = {isa = PBXBuildFile; fileRef = C6FF096D1503777AD74A5DA5 /* STTStatus.swift */; };
		BC750464544FE3D9CAC949D4 /* CostTracker.swift in Sources */ = {isa = PBXBuildFile; fileRef = 5127F45FE8D36E177618B22E /* CostTracker.swift */; };
		C78270567EB7F264586A2881 /* Sparkle in Frameworks */ = {isa = PBXBuildFile; productRef = 8454540F6E5684F79AD87FAF /* Sparkle */; };
		CD1E234698D6B47D5D8DD115 /* KeychainManager.swift in Sources */ = {isa = PBXBuildFile; fileRef = 454F144A758D9A5401D0A224 /* KeychainManager.swift */; };
		D0F871A8723773C3086381B9 /* Assets.xcassets in Resources */ = {isa = PBXBuildFile; fileRef = 80C0E71EEBC3087523CE0FF3 /* Assets.xcassets */; };
		D7E603D22BBEE3A29C1FDDE7 /* SpeechPipeline.swift in Sources */ = {isa = PBXBuildFile; fileRef = 2C0E7583CB6B50E2FCDCA4CB /* SpeechPipeline.swift */; };
		E4A419763931599AA1392AA7 /* SettingsView.swift in Sources */ = {isa = PBXBuildFile; fileRef = 9EDDC11D6CEECF40DD757E51 /* SettingsView.swift */; };
		E842D3ED64FC8A35B98BE96B /* PromptLibrary.swift in Sources */ = {isa = PBXBuildFile; fileRef = 1791C8AA9F9A566858B1364D /* PromptLibrary.swift */; };
		EB85D43829C5C38726B37628 /* UpdaterManager.swift in Sources */ = {isa = PBXBuildFile; fileRef = 7E5A210666441B1FC07032F6 /* UpdaterManager.swift */; };
		F10F167269DF87038677B2C5 /* MenuBarView.swift in Sources */ = {isa = PBXBuildFile; fileRef = 50761F3537321A21EC0FF99F /* MenuBarView.swift */; };
		F235C0BC02685ED60E2E09B9 /* AudioSessionManagerTests.swift in Sources */ = {isa = PBXBuildFile; fileRef = 30BF69A6F64285006D0C50A5 /* AudioSessionManagerTests.swift */; };
		F6B27FC1D36FCBFE24E503FB /* AudioSessionManager.swift in Sources */ = {isa = PBXBuildFile; fileRef = 7C11CB83B475DAAED9303701 /* AudioSessionManager.swift */; };
/* End PBXBuildFile section */

/* Begin PBXContainerItemProxy section */
		B9BF15C40BC1236FA01D6555 /* PBXContainerItemProxy */ = {
			isa = PBXContainerItemProxy;
			containerPortal = 77A3E2B0D27A92A500CC8D6C /* Project object */;
			proxyType = 1;
			remoteGlobalIDString = 14C32B0FB4CA7748C34108EC;
			remoteInfo = VoiceInk;
		};
/* End PBXContainerItemProxy section */

/* Begin PBXFileReference section */
		1171235E88270F7D7E0F9413 /* DictationController.swift */ = {isa = PBXFileReference; lastKnownFileType = sourcecode.swift; path = DictationController.swift; sourceTree = "<group>"; };
		1791C8AA9F9A566858B1364D /* PromptLibrary.swift */ = {isa = PBXFileReference; lastKnownFileType = sourcecode.swift; path = PromptLibrary.swift; sourceTree = "<group>"; };
		199EA699089EE027E432C012 /* ResultModal.swift */ = {isa = PBXFileReference; lastKnownFileType = sourcecode.swift; path = ResultModal.swift; sourceTree = "<group>"; };
		2C0E7583CB6B50E2FCDCA4CB /* SpeechPipeline.swift */ = {isa = PBXFileReference; lastKnownFileType = sourcecode.swift; path = SpeechPipeline.swift; sourceTree = "<group>"; };
		30BF69A6F64285006D0C50A5 /* AudioSessionManagerTests.swift */ = {isa = PBXFileReference; lastKnownFileType = sourcecode.swift; path = AudioSessionManagerTests.swift; sourceTree = "<group>"; };
		30C9AD9F7765C93B0EE6212E /* GeminiPipelineTests.swift */ = {isa = PBXFileReference; lastKnownFileType = sourcecode.swift; path = GeminiPipelineTests.swift; sourceTree = "<group>"; };
		454F144A758D9A5401D0A224 /* KeychainManager.swift */ = {isa = PBXFileReference; lastKnownFileType = sourcecode.swift; path = KeychainManager.swift; sourceTree = "<group>"; };
		45E7788B4CAC51BCD9A74222 /* DictationMode.swift */ = {isa = PBXFileReference; lastKnownFileType = sourcecode.swift; path = DictationMode.swift; sourceTree = "<group>"; };
		4BD38B68517183EED314C9FB /* SmokeTests.swift */ = {isa = PBXFileReference; lastKnownFileType = sourcecode.swift; path = SmokeTests.swift; sourceTree = "<group>"; };
		50761F3537321A21EC0FF99F /* MenuBarView.swift */ = {isa = PBXFileReference; lastKnownFileType = sourcecode.swift; path = MenuBarView.swift; sourceTree = "<group>"; };
		5127F45FE8D36E177618B22E /* CostTracker.swift */ = {isa = PBXFileReference; lastKnownFileType = sourcecode.swift; path = CostTracker.swift; sourceTree = "<group>"; };
		54ABBD1B3BE3567832A9B909 /* TextInputService.swift */ = {isa = PBXFileReference; lastKnownFileType = sourcecode.swift; path = TextInputService.swift; sourceTree = "<group>"; };
		646CE6F78896CF74CCD77E25 /* GlassBackground.swift */ = {isa = PBXFileReference; lastKnownFileType = sourcecode.swift; path = GlassBackground.swift; sourceTree = "<group>"; };
		690A980BC3373AA553EE065D /* TranscriptHistoryManager.swift */ = {isa = PBXFileReference; lastKnownFileType = sourcecode.swift; path = TranscriptHistoryManager.swift; sourceTree = "<group>"; };
		6C3205062FCDD540935B6B50 /* AppState.swift */ = {isa = PBXFileReference; lastKnownFileType = sourcecode.swift; path = AppState.swift; sourceTree = "<group>"; };
		6D4B4AFAEE9047B95D079E83 /* WAVEncoder.swift */ = {isa = PBXFileReference; lastKnownFileType = sourcecode.swift; path = WAVEncoder.swift; sourceTree = "<group>"; };
		7AEF9532F07A25E8CEFC21DB /* PromptLibraryTests.swift */ = {isa = PBXFileReference; lastKnownFileType = sourcecode.swift; path = PromptLibraryTests.swift; sourceTree = "<group>"; };
		7C11CB83B475DAAED9303701 /* AudioSessionManager.swift */ = {isa = PBXFileReference; lastKnownFileType = sourcecode.swift; path = AudioSessionManager.swift; sourceTree = "<group>"; };
		7E5A210666441B1FC07032F6 /* UpdaterManager.swift */ = {isa = PBXFileReference; lastKnownFileType = sourcecode.swift; path = UpdaterManager.swift; sourceTree = "<group>"; };
		80C0E71EEBC3087523CE0FF3 /* Assets.xcassets */ = {isa = PBXFileReference; lastKnownFileType = folder.assetcatalog; path = Assets.xcassets; sourceTree = "<group>"; };
		857DA45D1CEE06AC9D2E988C /* VoiceInkApp.swift */ = {isa = PBXFileReference; lastKnownFileType = sourcecode.swift; path = VoiceInkApp.swift; sourceTree = "<group>"; };
		8833D6FD4F9FC2C6BCDDEC22 /* GeminiPipeline.swift */ = {isa = PBXFileReference; lastKnownFileType = sourcecode.swift; path = GeminiPipeline.swift; sourceTree = "<group>"; };
		8A3957570C3BDB137E3FAD10 /* MockURLProtocol.swift */ = {isa = PBXFileReference; lastKnownFileType = sourcecode.swift; path = MockURLProtocol.swift; sourceTree = "<group>"; };
		94B49896D59DADED2A207AE1 /* HotkeyManager.swift */ = {isa = PBXFileReference; lastKnownFileType = sourcecode.swift; path = HotkeyManager.swift; sourceTree = "<group>"; };
		9EDDC11D6CEECF40DD757E51 /* SettingsView.swift */ = {isa = PBXFileReference; lastKnownFileType = sourcecode.swift; path = SettingsView.swift; sourceTree = "<group>"; };
		AB73A76D8FCE7529776FD767 /* AccessibilityHelper.swift */ = {isa = PBXFileReference; lastKnownFileType = sourcecode.swift; path = AccessibilityHelper.swift; sourceTree = "<group>"; };
		AE141E9A7EE77E9E982C92D4 /* WAVEncoderTests.swift */ = {isa = PBXFileReference; lastKnownFileType = sourcecode.swift; path = WAVEncoderTests.swift; sourceTree = "<group>"; };
		B03DE0B860DDCE35CE8B2EA5 /* VoiceInkTests.xctest */ = {isa = PBXFileReference; explicitFileType = wrapper.cfbundle; includeInIndex = 0; path = VoiceInkTests.xctest; sourceTree = BUILT_PRODUCTS_DIR; };
		C2502B4CE99CBF2A108F411A /* VoiceInk.app */ = {isa = PBXFileReference; explicitFileType = wrapper.application; includeInIndex = 0; path = VoiceInk.app; sourceTree = BUILT_PRODUCTS_DIR; };
		C6FF096D1503777AD74A5DA5 /* STTStatus.swift */ = {isa = PBXFileReference; lastKnownFileType = sourcecode.swift; path = STTStatus.swift; sourceTree = "<group>"; };
		D32703C0106237D1010CEBC9 /* SoundPlayer.swift */ = {isa = PBXFileReference; lastKnownFileType = sourcecode.swift; path = SoundPlayer.swift; sourceTree = "<group>"; };
		D66DAFACA7D69C6476825D8F /* RecordingOverlay.swift */ = {isa = PBXFileReference; lastKnownFileType = sourcecode.swift; path = RecordingOverlay.swift; sourceTree = "<group>"; };
		D67BF8B5A75901CD885AD43C /* VoiceInk.entitlements */ = {isa = PBXFileReference; lastKnownFileType = text.plist.entitlements; path = VoiceInk.entitlements; sourceTree = "<group>"; };
		D71406ED2CF3673BD267A3C1 /* TextInputServiceTests.swift */ = {isa = PBXFileReference; lastKnownFileType = sourcecode.swift; path = TextInputServiceTests.swift; sourceTree = "<group>"; };
		FCB79640ED898AC887B5CF3B /* .env */ = {isa = PBXFileReference; path = .env; sourceTree = "<group>"; };
/* End PBXFileReference section */

/* Begin PBXFrameworksBuildPhase section */
		A36E9ADEBBCD3D2B1EDAFE28 /* Frameworks */ = {
			isa = PBXFrameworksBuildPhase;
			buildActionMask = 2147483647;
			files = (
				C78270567EB7F264586A2881 /* Sparkle in Frameworks */,
			);
			runOnlyForDeploymentPostprocessing = 0;
		};
/* End PBXFrameworksBuildPhase section */

/* Begin PBXGroup section */
		131528F32C7A0DDC6BA83C30 /* Resources */ = {
			isa = PBXGroup;
			children = (
				80C0E71EEBC3087523CE0FF3 /* Assets.xcassets */,
				D67BF8B5A75901CD885AD43C /* VoiceInk.entitlements */,
			);
			path = Resources;
			sourceTree = "<group>";
		};
		3A79929BF17D7D2A6EBDD365 /* STT */ = {
			isa = PBXGroup;
			children = (
				C6FF096D1503777AD74A5DA5 /* STTStatus.swift */,
			);
			path = STT;
			sourceTree = "<group>";
		};
		40D6E563F4376356BA8EBE3F = {
			isa = PBXGroup;
			children = (
				FF8A4980BED04D554177B797 /* VoiceInk */,
				7FD96525BDC95E886859B25D /* VoiceInkTests */,
				5762403592D3FAE401851620 /* Products */,
			);
			sourceTree = "<group>";
		};
		4B4888F6CC722463AB06136E /* Dictation */ = {
			isa = PBXGroup;
			children = (
				1171235E88270F7D7E0F9413 /* DictationController.swift */,
				45E7788B4CAC51BCD9A74222 /* DictationMode.swift */,
				1791C8AA9F9A566858B1364D /* PromptLibrary.swift */,
			);
			path = Dictation;
			sourceTree = "<group>";
		};
		5762403592D3FAE401851620 /* Products */ = {
			isa = PBXGroup;
			children = (
				C2502B4CE99CBF2A108F411A /* VoiceInk.app */,
				B03DE0B860DDCE35CE8B2EA5 /* VoiceInkTests.xctest */,
			);
			name = Products;
			sourceTree = "<group>";
		};
		64A99B3A79A4EE2D6B1D4BCE /* Audio */ = {
			isa = PBXGroup;
			children = (
				7C11CB83B475DAAED9303701 /* AudioSessionManager.swift */,
			);
			path = Audio;
			sourceTree = "<group>";
		};
		7455C2AEF49DC64A1983D347 /* Security */ = {
			isa = PBXGroup;
			children = (
				454F144A758D9A5401D0A224 /* KeychainManager.swift */,
			);
			path = Security;
			sourceTree = "<group>";
		};
		7B58D01F25195AC569BEDDA5 /* Utilities */ = {
			isa = PBXGroup;
			children = (
				AB73A76D8FCE7529776FD767 /* AccessibilityHelper.swift */,
				D32703C0106237D1010CEBC9 /* SoundPlayer.swift */,
			);
			path = Utilities;
			sourceTree = "<group>";
		};
		7FD96525BDC95E886859B25D /* VoiceInkTests */ = {
			isa = PBXGroup;
			children = (
				30BF69A6F64285006D0C50A5 /* AudioSessionManagerTests.swift */,
				30C9AD9F7765C93B0EE6212E /* GeminiPipelineTests.swift */,
				8A3957570C3BDB137E3FAD10 /* MockURLProtocol.swift */,
				7AEF9532F07A25E8CEFC21DB /* PromptLibraryTests.swift */,
				4BD38B68517183EED314C9FB /* SmokeTests.swift */,
				D71406ED2CF3673BD267A3C1 /* TextInputServiceTests.swift */,
				AE141E9A7EE77E9E982C92D4 /* WAVEncoderTests.swift */,
			);
			path = VoiceInkTests;
			sourceTree = "<group>";
		};
		83DF8604D7FE0CCD0A2755CD /* TextInput */ = {
			isa = PBXGroup;
			children = (
				54ABBD1B3BE3567832A9B909 /* TextInputService.swift */,
			);
			path = TextInput;
			sourceTree = "<group>";
		};
		BF20B6553AFE2645936A0189 /* Views */ = {
			isa = PBXGroup;
			children = (
				646CE6F78896CF74CCD77E25 /* GlassBackground.swift */,
				50761F3537321A21EC0FF99F /* MenuBarView.swift */,
				D66DAFACA7D69C6476825D8F /* RecordingOverlay.swift */,
				199EA699089EE027E432C012 /* ResultModal.swift */,
				9EDDC11D6CEECF40DD757E51 /* SettingsView.swift */,
			);
			path = Views;
			sourceTree = "<group>";
		};
		CB35CBB3A22605BA368CD7F8 /* Hotkey */ = {
			isa = PBXGroup;
			children = (
				94B49896D59DADED2A207AE1 /* HotkeyManager.swift */,
			);
			path = Hotkey;
			sourceTree = "<group>";
		};
		D2EADD3BD249416E8CAB0EDD /* Update */ = {
			isa = PBXGroup;
			children = (
				7E5A210666441B1FC07032F6 /* UpdaterManager.swift */,
			);
			path = Update;
			sourceTree = "<group>";
		};
		E1A7FBA9B61E89F26175B870 /* Pipeline */ = {
			isa = PBXGroup;
			children = (
				8833D6FD4F9FC2C6BCDDEC22 /* GeminiPipeline.swift */,
				2C0E7583CB6B50E2FCDCA4CB /* SpeechPipeline.swift */,
				6D4B4AFAEE9047B95D079E83 /* WAVEncoder.swift */,
			);
			path = Pipeline;
			sourceTree = "<group>";
		};
		ED6A39B6FA2464C30FBC2AD4 /* History */ = {
			isa = PBXGroup;
			children = (
				690A980BC3373AA553EE065D /* TranscriptHistoryManager.swift */,
			);
			path = History;
			sourceTree = "<group>";
		};
		FF8A4980BED04D554177B797 /* VoiceInk */ = {
			isa = PBXGroup;
			children = (
				FCB79640ED898AC887B5CF3B /* .env */,
				6C3205062FCDD540935B6B50 /* AppState.swift */,
				5127F45FE8D36E177618B22E /* CostTracker.swift */,
				857DA45D1CEE06AC9D2E988C /* VoiceInkApp.swift */,
				64A99B3A79A4EE2D6B1D4BCE /* Audio */,
				4B4888F6CC722463AB06136E /* Dictation */,
				ED6A39B6FA2464C30FBC2AD4 /* History */,
				CB35CBB3A22605BA368CD7F8 /* Hotkey */,
				E1A7FBA9B61E89F26175B870 /* Pipeline */,
				131528F32C7A0DDC6BA83C30 /* Resources */,
				7455C2AEF49DC64A1983D347 /* Security */,
				3A79929BF17D7D2A6EBDD365 /* STT */,
				83DF8604D7FE0CCD0A2755CD /* TextInput */,
				D2EADD3BD249416E8CAB0EDD /* Update */,
				7B58D01F25195AC569BEDDA5 /* Utilities */,
				BF20B6553AFE2645936A0189 /* Views */,
			);
			path = VoiceInk;
			sourceTree = "<group>";
		};
/* End PBXGroup section */

/* Begin PBXNativeTarget section */
		14C32B0FB4CA7748C34108EC /* VoiceInk */ = {
			isa = PBXNativeTarget;
			buildConfigurationList = 0761A439EEF628F5EE344AF5 /* Build configuration list for PBXNativeTarget "VoiceInk" */;
			buildPhases = (
				8DECE9BD8A767F3029C1C183 /* Sources */,
				0057CF531708E3FACF4C71CB /* Resources */,
				A36E9ADEBBCD3D2B1EDAFE28 /* Frameworks */,
			);
			buildRules = (
			);
			dependencies = (
			);
			name = VoiceInk;
			packageProductDependencies = (
				8454540F6E5684F79AD87FAF /* Sparkle */,
			);
			productName = VoiceInk;
			productReference = C2502B4CE99CBF2A108F411A /* VoiceInk.app */;
			productType = "com.apple.product-type.application";
		};
		4B3D0176077F26BEFBFFF8E1 /* VoiceInkTests */ = {
			isa = PBXNativeTarget;
			buildConfigurationList = 59432354AF44F9615B7B6683 /* Build configuration list for PBXNativeTarget "VoiceInkTests" */;
			buildPhases = (
				B3E83AA385E28F7AFAA7E8D7 /* Sources */,
			);
			buildRules = (
			);
			dependencies = (
				BA9AD886699FB2BD3DDD981B /* PBXTargetDependency */,
			);
			name = VoiceInkTests;
			packageProductDependencies = (
			);
			productName = VoiceInkTests;
			productReference = B03DE0B860DDCE35CE8B2EA5 /* VoiceInkTests.xctest */;
			productType = "com.apple.product-type.bundle.unit-test";
		};
/* End PBXNativeTarget section */

/* Begin PBXProject section */
		77A3E2B0D27A92A500CC8D6C /* Project object */ = {
			isa = PBXProject;
			attributes = {
				BuildIndependentTargetsInParallel = YES;
				LastUpgradeCheck = 1600;
				TargetAttributes = {
					14C32B0FB4CA7748C34108EC = {
						DevelopmentTeam = 2UANJX7ATM;
						ProvisioningStyle = Automatic;
					};
					4B3D0176077F26BEFBFFF8E1 = {
						DevelopmentTeam = 2UANJX7ATM;
						ProvisioningStyle = Automatic;
					};
				};
			};
			buildConfigurationList = 0C2BB2BABDC264F74DEF6D75 /* Build configuration list for PBXProject "VoiceInk" */;
			developmentRegion = en;
			hasScannedForEncodings = 0;
			knownRegions = (
				Base,
				en,
			);
			mainGroup = 40D6E563F4376356BA8EBE3F;
			minimizedProjectReferenceProxies = 1;
			packageReferences = (
				695902CFCF00A337CDA2AE35 /* XCRemoteSwiftPackageReference "Sparkle" */,
			);
			preferredProjectObjectVersion = 77;
			productRefGroup = 5762403592D3FAE401851620 /* Products */;
			projectDirPath = "";
			projectRoot = "";
			targets = (
				14C32B0FB4CA7748C34108EC /* VoiceInk */,
				4B3D0176077F26BEFBFFF8E1 /* VoiceInkTests */,
			);
		};
/* End PBXProject section */

/* Begin PBXResourcesBuildPhase section */
		0057CF531708E3FACF4C71CB /* Resources */ = {
			isa = PBXResourcesBuildPhase;
			buildActionMask = 2147483647;
			files = (
				D0F871A8723773C3086381B9 /* Assets.xcassets in Resources */,
			);
			runOnlyForDeploymentPostprocessing = 0;
		};
/* End PBXResourcesBuildPhase section */

/* Begin PBXSourcesBuildPhase section */
		8DECE9BD8A767F3029C1C183 /* Sources */ = {
			isa = PBXSourcesBuildPhase;
			buildActionMask = 2147483647;
			files = (
				4F934F1E18D4BC6F127642EE /* AccessibilityHelper.swift in Sources */,
				409FBE01775B7BECC413CEC8 /* AppState.swift in Sources */,
				F6B27FC1D36FCBFE24E503FB /* AudioSessionManager.swift in Sources */,
				BC750464544FE3D9CAC949D4 /* CostTracker.swift in Sources */,
				1D2BDFB50BBEF422000360FA /* DictationController.swift in Sources */,
				3131BCD362E0B17FBEC95121 /* DictationMode.swift in Sources */,
				2C0441FE1D4E9F6BF792B8C6 /* GeminiPipeline.swift in Sources */,
				5986CF319154C41C24C9C190 /* GlassBackground.swift in Sources */,
				A858E83262E7E33200409232 /* HotkeyManager.swift in Sources */,
				CD1E234698D6B47D5D8DD115 /* KeychainManager.swift in Sources */,
				F10F167269DF87038677B2C5 /* MenuBarView.swift in Sources */,
				E842D3ED64FC8A35B98BE96B /* PromptLibrary.swift in Sources */,
				22D04781903718BFFA1B1431 /* RecordingOverlay.swift in Sources */,
				28AFF6CB58F409AC56260306 /* ResultModal.swift in Sources */,
				AD64B091674E5AE58359460D /* STTStatus.swift in Sources */,
				E4A419763931599AA1392AA7 /* SettingsView.swift in Sources */,
				4FFA337AB13714A2C4DC3B7F /* SoundPlayer.swift in Sources */,
				D7E603D22BBEE3A29C1FDDE7 /* SpeechPipeline.swift in Sources */,
				0A4649E7AF5BC7DBB4128391 /* TextInputService.swift in Sources */,
				4FD2018931792120D88E6414 /* TranscriptHistoryManager.swift in Sources */,
				EB85D43829C5C38726B37628 /* UpdaterManager.swift in Sources */,
				13E87B86EB2125C8607849A6 /* VoiceInkApp.swift in Sources */,
				1B07BF2D61E2E3D352E40537 /* WAVEncoder.swift in Sources */,
			);
			runOnlyForDeploymentPostprocessing = 0;
		};
		B3E83AA385E28F7AFAA7E8D7 /* Sources */ = {
			isa = PBXSourcesBuildPhase;
			buildActionMask = 2147483647;
			files = (
				F235C0BC02685ED60E2E09B9 /* AudioSessionManagerTests.swift in Sources */,
				566F1C9D678EC1563E1DCFAC /* GeminiPipelineTests.swift in Sources */,
				5BCFE26AE9D79BCA7436B436 /* MockURLProtocol.swift in Sources */,
				735EF0A9B938AFC9E6EB2C74 /* PromptLibraryTests.swift in Sources */,
				5243AB0CB8DE9D3DA4B0212A /* SmokeTests.swift in Sources */,
				296588DB4DECE2C3FA0B4B51 /* TextInputServiceTests.swift in Sources */,
				85980678957B19974887C498 /* WAVEncoderTests.swift in Sources */,
			);
			runOnlyForDeploymentPostprocessing = 0;
		};
/* End PBXSourcesBuildPhase section */

/* Begin PBXTargetDependency section */
		BA9AD886699FB2BD3DDD981B /* PBXTargetDependency */ = {
			isa = PBXTargetDependency;
			target = 14C32B0FB4CA7748C34108EC /* VoiceInk */;
			targetProxy = B9BF15C40BC1236FA01D6555 /* PBXContainerItemProxy */;
		};
/* End PBXTargetDependency section */

/* Begin XCBuildConfiguration section */
		37C280D4BDE82DA07CC0CBDC /* Debug */ = {
			isa = XCBuildConfiguration;
			buildSettings = {
				ASSETCATALOG_COMPILER_APPICON_NAME = AppIcon;
				CODE_SIGN_ENTITLEMENTS = VoiceInk/Resources/VoiceInk.entitlements;
				COMBINE_HIDPI_IMAGES = YES;
				CURRENT_PROJECT_VERSION = 1;
				INFOPLIST_FILE = VoiceInk/Resources/Info.plist;
				LD_RUNPATH_SEARCH_PATHS = (
					"$(inherited)",
					"@executable_path/../Frameworks",
				);
				MARKETING_VERSION = 2.0.0;
				PRODUCT_BUNDLE_IDENTIFIER = com.voiceink.app;
				PRODUCT_NAME = VoiceInk;
				SDKROOT = macosx;
			};
			name = Debug;
		};
		89B8C69BB409E8964EE6151E /* Debug */ = {
			isa = XCBuildConfiguration;
			buildSettings = {
				ALWAYS_SEARCH_USER_PATHS = NO;
				CLANG_ANALYZER_NONNULL = YES;
				CLANG_ANALYZER_NUMBER_OBJECT_CONVERSION = YES_AGGRESSIVE;
				CLANG_CXX_LANGUAGE_STANDARD = "gnu++14";
				CLANG_CXX_LIBRARY = "libc++";
				CLANG_ENABLE_MODULES = YES;
				CLANG_ENABLE_OBJC_ARC = YES;
				CLANG_ENABLE_OBJC_WEAK = YES;
				CLANG_WARN_BLOCK_CAPTURE_AUTORELEASING = YES;
				CLANG_WARN_BOOL_CONVERSION = YES;
				CLANG_WARN_COMMA = YES;
				CLANG_WARN_CONSTANT_CONVERSION = YES;
				CLANG_WARN_DEPRECATED_OBJC_IMPLEMENTATIONS = YES;
				CLANG_WARN_DIRECT_OBJC_ISA_USAGE = YES_ERROR;
				CLANG_WARN_DOCUMENTATION_COMMENTS = YES;
				CLANG_WARN_EMPTY_BODY = YES;
				CLANG_WARN_ENUM_CONVERSION = YES;
				CLANG_WARN_INFINITE_RECURSION = YES;
				CLANG_WARN_INT_CONVERSION = YES;
				CLANG_WARN_NON_LITERAL_NULL_CONVERSION = YES;
				CLANG_WARN_OBJC_IMPLICIT_RETAIN_SELF = YES;
				CLANG_WARN_OBJC_LITERAL_CONVERSION = YES;
				CLANG_WARN_OBJC_ROOT_CLASS = YES_ERROR;
				CLANG_WARN_QUOTED_INCLUDE_IN_FRAMEWORK_HEADER = YES;
				CLANG_WARN_RANGE_LOOP_ANALYSIS = YES;
				CLANG_WARN_STRICT_PROTOTYPES = YES;
				CLANG_WARN_SUSPICIOUS_MOVE = YES;
				CLANG_WARN_UNGUARDED_AVAILABILITY = YES_AGGRESSIVE;
				CLANG_WARN_UNREACHABLE_CODE = YES;
				CLANG_WARN__DUPLICATE_METHOD_MATCH = YES;
				CODE_SIGN_IDENTITY = "Apple Development";
				CODE_SIGN_STYLE = Automatic;
				COPY_PHASE_STRIP = NO;
				DEBUG_INFORMATION_FORMAT = dwarf;
				DEVELOPMENT_TEAM = 2UANJX7ATM;
				ENABLE_HARDENED_RUNTIME = YES;
				ENABLE_STRICT_OBJC_MSGSEND = YES;
				ENABLE_TESTABILITY = YES;
				GCC_C_LANGUAGE_STANDARD = gnu11;
				GCC_DYNAMIC_NO_PIC = NO;
				GCC_NO_COMMON_BLOCKS = YES;
				GCC_OPTIMIZATION_LEVEL = 0;
				GCC_PREPROCESSOR_DEFINITIONS = (
					"$(inherited)",
					"DEBUG=1",
				);
				GCC_WARN_64_TO_32_BIT_CONVERSION = YES;
				GCC_WARN_ABOUT_RETURN_TYPE = YES_ERROR;
				GCC_WARN_UNDECLARED_SELECTOR = YES;
				GCC_WARN_UNINITIALIZED_AUTOS = YES_AGGRESSIVE;
				GCC_WARN_UNUSED_FUNCTION = YES;
				GCC_WARN_UNUSED_VARIABLE = YES;
				MACOSX_DEPLOYMENT_TARGET = 14.0;
				MTL_ENABLE_DEBUG_INFO = INCLUDE_SOURCE;
				MTL_FAST_MATH = YES;
				ONLY_ACTIVE_ARCH = YES;
				PRODUCT_NAME = "$(TARGET_NAME)";
				SDKROOT = macosx;
				SWIFT_ACTIVE_COMPILATION_CONDITIONS = DEBUG;
				SWIFT_OPTIMIZATION_LEVEL = "-Onone";
				SWIFT_VERSION = 5.9;
			};
			name = Debug;
		};
		AA6E84176CB208ACA7A1E790 /* Release */ = {
			isa = XCBuildConfiguration;
			buildSettings = {
				BUNDLE_LOADER = "$(TEST_HOST)";
				COMBINE_HIDPI_IMAGES = YES;
				GENERATE_INFOPLIST_FILE = YES;
				LD_RUNPATH_SEARCH_PATHS = (
					"$(inherited)",
					"@executable_path/../Frameworks",
					"@loader_path/../Frameworks",
				);
				PRODUCT_BUNDLE_IDENTIFIER = com.voiceink.tests;
				SDKROOT = macosx;
				TEST_HOST = "$(BUILT_PRODUCTS_DIR)/VoiceInk.app/Contents/MacOS/VoiceInk";
			};
			name = Release;
		};
		BEEBE7D24B196F1F9FF72DA9 /* Release */ = {
			isa = XCBuildConfiguration;
			buildSettings = {
				ALWAYS_SEARCH_USER_PATHS = NO;
				CLANG_ANALYZER_NONNULL = YES;
				CLANG_ANALYZER_NUMBER_OBJECT_CONVERSION = YES_AGGRESSIVE;
				CLANG_CXX_LANGUAGE_STANDARD = "gnu++14";
				CLANG_CXX_LIBRARY = "libc++";
				CLANG_ENABLE_MODULES = YES;
				CLANG_ENABLE_OBJC_ARC = YES;
				CLANG_ENABLE_OBJC_WEAK = YES;
				CLANG_WARN_BLOCK_CAPTURE_AUTORELEASING = YES;
				CLANG_WARN_BOOL_CONVERSION = YES;
				CLANG_WARN_COMMA = YES;
				CLANG_WARN_CONSTANT_CONVERSION = YES;
				CLANG_WARN_DEPRECATED_OBJC_IMPLEMENTATIONS = YES;
				CLANG_WARN_DIRECT_OBJC_ISA_USAGE = YES_ERROR;
				CLANG_WARN_DOCUMENTATION_COMMENTS = YES;
				CLANG_WARN_EMPTY_BODY = YES;
				CLANG_WARN_ENUM_CONVERSION = YES;
				CLANG_WARN_INFINITE_RECURSION = YES;
				CLANG_WARN_INT_CONVERSION = YES;
				CLANG_WARN_NON_LITERAL_NULL_CONVERSION = YES;
				CLANG_WARN_OBJC_IMPLICIT_RETAIN_SELF = YES;
				CLANG_WARN_OBJC_LITERAL_CONVERSION = YES;
				CLANG_WARN_OBJC_ROOT_CLASS = YES_ERROR;
				CLANG_WARN_QUOTED_INCLUDE_IN_FRAMEWORK_HEADER = YES;
				CLANG_WARN_RANGE_LOOP_ANALYSIS = YES;
				CLANG_WARN_STRICT_PROTOTYPES = YES;
				CLANG_WARN_SUSPICIOUS_MOVE = YES;
				CLANG_WARN_UNGUARDED_AVAILABILITY = YES_AGGRESSIVE;
				CLANG_WARN_UNREACHABLE_CODE = YES;
				CLANG_WARN__DUPLICATE_METHOD_MATCH = YES;
				CODE_SIGN_IDENTITY = "Apple Development";
				CODE_SIGN_STYLE = Automatic;
				COPY_PHASE_STRIP = NO;
				DEBUG_INFORMATION_FORMAT = "dwarf-with-dsym";
				DEVELOPMENT_TEAM = 2UANJX7ATM;
				ENABLE_HARDENED_RUNTIME = YES;
				ENABLE_NS_ASSERTIONS = NO;
				ENABLE_STRICT_OBJC_MSGSEND = YES;
				GCC_C_LANGUAGE_STANDARD = gnu11;
				GCC_NO_COMMON_BLOCKS = YES;
				GCC_WARN_64_TO_32_BIT_CONVERSION = YES;
				GCC_WARN_ABOUT_RETURN_TYPE = YES_ERROR;
				GCC_WARN_UNDECLARED_SELECTOR = YES;
				GCC_WARN_UNINITIALIZED_AUTOS = YES_AGGRESSIVE;
				GCC_WARN_UNUSED_FUNCTION = YES;
				GCC_WARN_UNUSED_VARIABLE = YES;
				MACOSX_DEPLOYMENT_TARGET = 14.0;
				MTL_ENABLE_DEBUG_INFO = NO;
				MTL_FAST_MATH = YES;
				PRODUCT_NAME = "$(TARGET_NAME)";
				SDKROOT = macosx;
				SWIFT_COMPILATION_MODE = wholemodule;
				SWIFT_OPTIMIZATION_LEVEL = "-O";
				SWIFT_VERSION = 5.9;
			};
			name = Release;
		};
		BFEC44F3728D37F5FFE7EF46 /* Debug */ = {
			isa = XCBuildConfiguration;
			buildSettings = {
				BUNDLE_LOADER = "$(TEST_HOST)";
				COMBINE_HIDPI_IMAGES = YES;
				GENERATE_INFOPLIST_FILE = YES;
				LD_RUNPATH_SEARCH_PATHS = (
					"$(inherited)",
					"@executable_path/../Frameworks",
					"@loader_path/../Frameworks",
				);
				PRODUCT_BUNDLE_IDENTIFIER = com.voiceink.tests;
				SDKROOT = macosx;
				TEST_HOST = "$(BUILT_PRODUCTS_DIR)/VoiceInk.app/Contents/MacOS/VoiceInk";
			};
			name = Debug;
		};
		EC9F6C4D46B0629EE4C9CF7C /* Release */ = {
			isa = XCBuildConfiguration;
			buildSettings = {
				ASSETCATALOG_COMPILER_APPICON_NAME = AppIcon;
				CODE_SIGN_ENTITLEMENTS = VoiceInk/Resources/VoiceInk.entitlements;
				COMBINE_HIDPI_IMAGES = YES;
				CURRENT_PROJECT_VERSION = 1;
				INFOPLIST_FILE = VoiceInk/Resources/Info.plist;
				LD_RUNPATH_SEARCH_PATHS = (
					"$(inherited)",
					"@executable_path/../Frameworks",
				);
				MARKETING_VERSION = 2.0.0;
				PRODUCT_BUNDLE_IDENTIFIER = com.voiceink.app;
				PRODUCT_NAME = VoiceInk;
				SDKROOT = macosx;
			};
			name = Release;
		};
/* End XCBuildConfiguration section */

/* Begin XCConfigurationList section */
		0761A439EEF628F5EE344AF5 /* Build configuration list for PBXNativeTarget "VoiceInk" */ = {
			isa = XCConfigurationList;
			buildConfigurations = (
				37C280D4BDE82DA07CC0CBDC /* Debug */,
				EC9F6C4D46B0629EE4C9CF7C /* Release */,
			);
			defaultConfigurationIsVisible = 0;
			defaultConfigurationName = Debug;
		};
		0C2BB2BABDC264F74DEF6D75 /* Build configuration list for PBXProject "VoiceInk" */ = {
			isa = XCConfigurationList;
			buildConfigurations = (
				89B8C69BB409E8964EE6151E /* Debug */,
				BEEBE7D24B196F1F9FF72DA9 /* Release */,
			);
			defaultConfigurationIsVisible = 0;
			defaultConfigurationName = Debug;
		};
		59432354AF44F9615B7B6683 /* Build configuration list for PBXNativeTarget "VoiceInkTests" */ = {
			isa = XCConfigurationList;
			buildConfigurations = (
				BFEC44F3728D37F5FFE7EF46 /* Debug */,
				AA6E84176CB208ACA7A1E790 /* Release */,
			);
			defaultConfigurationIsVisible = 0;
			defaultConfigurationName = Debug;
		};
/* End XCConfigurationList section */

/* Begin XCRemoteSwiftPackageReference section */
		695902CFCF00A337CDA2AE35 /* XCRemoteSwiftPackageReference "Sparkle" */ = {
			isa = XCRemoteSwiftPackageReference;
			repositoryURL = "https://github.com/sparkle-project/Sparkle";
			requirement = {
				kind = exactVersion;
				version = 2.9.0;
			};
		};
/* End XCRemoteSwiftPackageReference section */

/* Begin XCSwiftPackageProductDependency section */
		8454540F6E5684F79AD87FAF /* Sparkle */ = {
			isa = XCSwiftPackageProductDependency;
			package = 695902CFCF00A337CDA2AE35 /* XCRemoteSwiftPackageReference "Sparkle" */;
			productName = Sparkle;
		};
/* End XCSwiftPackageProductDependency section */
	};
	rootObject = 77A3E2B0D27A92A500CC8D6C /* Project object */;
}
